
Microsoft Visual Studio Solution File, Format Version 12.00
# Visual Studio Version 16
VisualStudioVersion = 16.0.30309.148
MinimumVisualStudioVersion = 10.0.40219.1
Project("{9A19103F-16F7-4668-BE54-9A1E7A4F7556}") = "01. Train", "01. Train\01. Train.csproj", "{D3A101C0-18F9-4B7C-8ACA-5F55FA026A48}"
EndProject
Project("{9A19103F-16F7-4668-BE54-9A1E7A4F7556}") = "01.TrainNew", "01.TrainNew\01.TrainNew.csproj", "{0BD9871D-907E-4089-9CEA-2A847222A616}"
EndProject
Project("{9A19103F-16F7-4668-BE54-9A1E7A4F7556}") = "02. Change List", "Change List\02. Change List.csproj", "{6E62282E-A4D0-48F1-AC60-E665B835E88B}"
EndProject
Project("{9A19103F-16F7-4668-BE54-9A1E7A4F7556}") = "03. House Party", "03. House Party\03. House Party.csproj", "{35610F43-6ED7-42D8-8A7A-D7E6ACD5144B}"
EndProject
Project("{9A19103F-16F7-4668-BE54-9A1E7A4F7556}") = "04. List Operations", "04. List Operations\04. List Operations.csproj", "{6225C205-BA59-4D07-94BC-761CB1D30D89}"
EndProject
Project("{9A19103F-16F7-4668-BE54-9A1E7A4F7556}") = "05. Bomb Numbers", "05. Bomb Numbers\05. Bomb Numbers.csproj", "{B5AD0260-BD37-4646-B44E-C5A930003F8A}"
EndProject
Project("{9A19103F-16F7-4668-BE54-9A1E7A4F7556}") = "06. Cards Game", "06. Cards Game\06. Cards Game.csproj", "{040726F4-0904-4313-95BA-C0F832317FAA}"
EndProject
Project("{9A19103F-16F7-4668-BE54-9A1E7A4F7556}") = "07. Append Arrays", "07. Append Arrays\07. Append Arrays.csproj", "{EFB0C3FD-4655-4BAA-985D-39AC02F2201C}"
EndProject
Project("{9A19103F-16F7-4668-BE54-9A1E7A4F7556}") = "08. Anonymous Threat", "08. Anonymous Threat\08. Anonymous Threat.csproj", "{20014F65-E4AD-4F43-B732-F6F934F3BEA0}"
EndProject
Project("{9A19103F-16F7-4668-BE54-9A1E7A4F7556}") = "02. Car Race", "Car Race\02. Car Race.csproj", "{99A92654-C67B-4C9C-8A37-A76CAB1956A4}"
EndProject
Project("{9A19103F-16F7-4668-BE54-9A1E7A4F7556}") = "04. Drum Set", "04. Drum Set\04. Drum Set.csproj", "{3F3AD53B-33AE-4045-B0FA-879A69033BF7}"
EndProject
Project("{9A19103F-16F7-4668-BE54-9A1E7A4F7556}") = "04. Mixed Up Lists", "Mixed Up Lists\04. Mixed Up Lists.csproj", "{13E05FCD-335E-4185-95D4-512568D2B033}"
EndProject
Project("{9A19103F-16F7-4668-BE54-9A1E7A4F7556}") = "01. Messaging", "01. Messaging\01. Messaging.csproj", "{D74D2AF2-C8E1-4234-ABAA-51EE25686DF8}"
EndProject
Project("{FAE04EC0-301F-11D3-BF4B-00C04F79EFBC}") = "10. SoftUni Course Planning", "10. SoftUni Course Planning\10. SoftUni Course Planning.csproj", "{86FE40B5-A9B1-4372-92D7-B18EE97EA68C}"
EndProject
Global
	GlobalSection(SolutionConfigurationPlatforms) = preSolution
		Debug|Any CPU = Debug|Any CPU
		Release|Any CPU = Release|Any CPU
	EndGlobalSection
	GlobalSection(ProjectConfigurationPlatforms) = postSolution
		{D3A101C0-18F9-4B7C-8ACA-5F55FA026A48}.Debug|Any CPU.ActiveCfg = Debug|Any CPU
		{D3A101C0-18F9-4B7C-8ACA-5F55FA026A48}.Debug|Any CPU.Build.0 = Debug|Any CPU
		{D3A101C0-18F9-4B7C-8ACA-5F55FA026A48}.Release|Any CPU.ActiveCfg = Release|Any CPU
		{D3A101C0-18F9-4B7C-8ACA-5F55FA026A48}.Release|Any CPU.Build.0 = Release|Any CPU
		{0BD9871D-907E-4089-9CEA-2A847222A616}.Debug|Any CPU.ActiveCfg = Debug|Any CPU
		{0BD9871D-907E-4089-9CEA-2A847222A616}.Debug|Any CPU.Build.0 = Debug|Any CPU
		{0BD9871D-907E-4089-9CEA-2A847222A616}.Release|Any CPU.ActiveCfg = Release|Any CPU
		{0BD9871D-907E-4089-9CEA-2A847222A616}.Release|Any CPU.Build.0 = Release|Any CPU
		{6E62282E-A4D0-48F1-AC60-E665B835E88B}.Debug|Any CPU.ActiveCfg = Debug|Any CPU
		{6E62282E-A4D0-48F1-AC60-E665B835E88B}.Debug|Any CPU.Build.0 = Debug|Any CPU
		{6E62282E-A4D0-48F1-AC60-E665B835E88B}.Release|Any CPU.ActiveCfg = Release|Any CPU
		{6E62282E-A4D0-48F1-AC60-E665B835E88B}.Release|Any CPU.Build.0 = Release|Any CPU
		{35610F43-6ED7-42D8-8A7A-D7E6ACD5144B}.Debug|Any CPU.ActiveCfg = Debug|Any CPU
		{35610F43-6ED7-42D8-8A7A-D7E6ACD5144B}.Debug|Any CPU.Build.0 = Debug|Any CPU
		{35610F43-6ED7-42D8-8A7A-D7E6ACD5144B}.Release|Any CPU.ActiveCfg = Release|Any CPU
		{35610F43-6ED7-42D8-8A7A-D7E6ACD5144B}.Release|Any CPU.Build.0 = Release|Any CPU
		{6225C205-BA59-4D07-94BC-761CB1D30D89}.Debug|Any CPU.ActiveCfg = Debug|Any CPU
		{6225C205-BA59-4D07-94BC-761CB1D30D89}.Debug|Any CPU.Build.0 = Debug|Any CPU
		{6225C205-BA59-4D07-94BC-761CB1D30D89}.Release|Any CPU.ActiveCfg = Release|Any CPU
		{6225C205-BA59-4D07-94BC-761CB1D30D89}.Release|Any CPU.Build.0 = Release|Any CPU
		{B5AD0260-BD37-4646-B44E-C5A930003F8A}.Debug|Any CPU.ActiveCfg = Debug|Any CPU
		{B5AD0260-BD37-4646-B44E-C5A930003F8A}.Debug|Any CPU.Build.0 = Debug|Any CPU
		{B5AD0260-BD37-4646-B44E-C5A930003F8A}.Release|Any CPU.ActiveCfg = Release|Any CPU
		{B5AD0260-BD37-4646-B44E-C5A930003F8A}.Release|Any CPU.Build.0 = Release|Any CPU
		{040726F4-0904-4313-95BA-C0F832317FAA}.Debug|Any CPU.ActiveCfg = Debug|Any CPU
		{040726F4-0904-4313-95BA-C0F832317FAA}.Debug|Any CPU.Build.0 = Debug|Any CPU
		{040726F4-0904-4313-95BA-C0F832317FAA}.Release|Any CPU.ActiveCfg = Release|Any CPU
		{040726F4-0904-4313-95BA-C0F832317FAA}.Release|Any CPU.Build.0 = Release|Any CPU
		{EFB0C3FD-4655-4BAA-985D-39AC02F2201C}.Debug|Any CPU.ActiveCfg = Debug|Any CPU
		{EFB0C3FD-4655-4BAA-985D-39AC02F2201C}.Debug|Any CPU.Build.0 = Debug|Any CPU
		{EFB0C3FD-4655-4BAA-985D-39AC02F2201C}.Release|Any CPU.ActiveCfg = Release|Any CPU
		{EFB0C3FD-4655-4BAA-985D-39AC02F2201C}.Release|Any CPU.Build.0 = Release|Any CPU
		{20014F65-E4AD-4F43-B732-F6F934F3BEA0}.Debug|Any CPU.ActiveCfg = Debug|Any CPU
		{20014F65-E4AD-4F43-B732-F6F934F3BEA0}.Debug|Any CPU.Build.0 = Debug|Any CPU
		{20014F65-E4AD-4F43-B732-F6F934F3BEA0}.Release|Any CPU.ActiveCfg = Release|Any CPU
		{20014F65-E4AD-4F43-B732-F6F934F3BEA0}.Release|Any CPU.Build.0 = Release|Any CPU
		{99A92654-C67B-4C9C-8A37-A76CAB1956A4}.Debug|Any CPU.ActiveCfg = Debug|Any CPU
		{99A92654-C67B-4C9C-8A37-A76CAB1956A4}.Debug|Any CPU.Build.0 = Debug|Any CPU
		{99A92654-C67B-4C9C-8A37-A76CAB1956A4}.Release|Any CPU.ActiveCfg = Release|Any CPU
		{99A92654-C67B-4C9C-8A37-A76CAB1956A4}.Release|Any CPU.Build.0 = Release|Any CPU
		{3F3AD53B-33AE-4045-B0FA-879A69033BF7}.Debug|Any CPU.ActiveCfg = Debug|Any CPU
		{3F3AD53B-33AE-4045-B0FA-879A69033BF7}.Debug|Any CPU.Build.0 = Debug|Any CPU
		{3F3AD53B-33AE-4045-B0FA-879A69033BF7}.Release|Any CPU.ActiveCfg = Release|Any CPU
		{3F3AD53B-33AE-4045-B0FA-879A69033BF7}.Release|Any CPU.Build.0 = Release|Any CPU
		{13E05FCD-335E-4185-95D4-512568D2B033}.Debug|Any CPU.ActiveCfg = Debug|Any CPU
		{13E05FCD-335E-4185-95D4-512568D2B033}.Debug|Any CPU.Build.0 = Debug|Any CPU
		{13E05FCD-335E-4185-95D4-512568D2B033}.Release|Any CPU.ActiveCfg = Release|Any CPU
		{13E05FCD-335E-4185-95D4-512568D2B033}.Release|Any CPU.Build.0 = Release|Any CPU
		{D74D2AF2-C8E1-4234-ABAA-51EE25686DF8}.Debug|Any CPU.ActiveCfg = Debug|Any CPU
		{D74D2AF2-C8E1-4234-ABAA-51EE25686DF8}.Debug|Any CPU.Build.0 = Debug|Any CPU
		{D74D2AF2-C8E1-4234-ABAA-51EE25686DF8}.Release|Any CPU.ActiveCfg = Release|Any CPU
		{D74D2AF2-C8E1-4234-ABAA-51EE25686DF8}.Release|Any CPU.Build.0 = Release|Any CPU
		{86FE40B5-A9B1-4372-92D7-B18EE97EA68C}.Debug|Any CPU.ActiveCfg = Debug|Any CPU
		{86FE40B5-A9B1-4372-92D7-B18EE97EA68C}.Debug|Any CPU.Build.0 = Debug|Any CPU
		{86FE40B5-A9B1-4372-92D7-B18EE97EA68C}.Release|Any CPU.ActiveCfg = Release|Any CPU
		{86FE40B5-A9B1-4372-92D7-B18EE97EA68C}.Release|Any CPU.Build.0 = Release|Any CPU
	EndGlobalSection
	GlobalSection(SolutionProperties) = preSolution
		HideSolutionNode = FALSE
	EndGlobalSection
	GlobalSection(ExtensibilityGlobals) = postSolution
		SolutionGuid = {27F503A5-8980-4333-AC46-5BB7F02E78DF}
	EndGlobalSection
EndGlobal
