
Microsoft Visual Studio Solution File, Format Version 12.00
# Visual Studio Version 16
VisualStudioVersion = 16.0.30309.148
MinimumVisualStudioVersion = 10.0.40219.1
Project("{9A19103F-16F7-4668-BE54-9A1E7A4F7556}") = "02. Gauss' Trick", "02. Gauss' Trick\02. Gauss' Trick.csproj", "{237746D8-C9F7-46B6-99ED-5BB1442F1BAF}"
EndProject
Project("{9A19103F-16F7-4668-BE54-9A1E7A4F7556}") = "03. Merging Lists", "03. Merging Lists\03. Merging Lists.csproj", "{CF5D3A11-2ED5-4AF8-8C12-25B34BE704AE}"
EndProject
Project("{9A19103F-16F7-4668-BE54-9A1E7A4F7556}") = "04. List of Products", "04. List of Products\04. List of Products.csproj", "{FE6BC0B9-12CE-4684-8C96-2336460DB208}"
EndProject
Project("{9A19103F-16F7-4668-BE54-9A1E7A4F7556}") = "05. Remove Negatives and Reverse", "05. Remove Negatives and Reverse\05. Remove Negatives and Reverse.csproj", "{B7EAD8F4-F855-4F26-8A40-384E7B988A67}"
EndProject
Project("{9A19103F-16F7-4668-BE54-9A1E7A4F7556}") = "06. List Manipulation Basics", "06. List Manipulation Basics\06. List Manipulation Basics.csproj", "{0ADEAAA4-7766-4DE6-994F-7ABE07EEFE31}"
EndProject
Project("{9A19103F-16F7-4668-BE54-9A1E7A4F7556}") = "07. List Manipulation Advanced", "07. List Manipulation Advanced\07. List Manipulation Advanced.csproj", "{DC763FAF-C4B0-4124-9766-C2AC9FF9CDDD}"
EndProject
Project("{FAE04EC0-301F-11D3-BF4B-00C04F79EFBC}") = "01. Sum Adjacent Equal Numbers", "01. Sum Adjacent Equal Numbers\01. Sum Adjacent Equal Numbers.csproj", "{328A3FC1-3208-44A7-A6EF-695EB0E0A630}"
EndProject
Global
	GlobalSection(SolutionConfigurationPlatforms) = preSolution
		Debug|Any CPU = Debug|Any CPU
		Release|Any CPU = Release|Any CPU
	EndGlobalSection
	GlobalSection(ProjectConfigurationPlatforms) = postSolution
		{237746D8-C9F7-46B6-99ED-5BB1442F1BAF}.Debug|Any CPU.ActiveCfg = Debug|Any CPU
		{237746D8-C9F7-46B6-99ED-5BB1442F1BAF}.Debug|Any CPU.Build.0 = Debug|Any CPU
		{237746D8-C9F7-46B6-99ED-5BB1442F1BAF}.Release|Any CPU.ActiveCfg = Release|Any CPU
		{237746D8-C9F7-46B6-99ED-5BB1442F1BAF}.Release|Any CPU.Build.0 = Release|Any CPU
		{CF5D3A11-2ED5-4AF8-8C12-25B34BE704AE}.Debug|Any CPU.ActiveCfg = Debug|Any CPU
		{CF5D3A11-2ED5-4AF8-8C12-25B34BE704AE}.Debug|Any CPU.Build.0 = Debug|Any CPU
		{CF5D3A11-2ED5-4AF8-8C12-25B34BE704AE}.Release|Any CPU.ActiveCfg = Release|Any CPU
		{CF5D3A11-2ED5-4AF8-8C12-25B34BE704AE}.Release|Any CPU.Build.0 = Release|Any CPU
		{FE6BC0B9-12CE-4684-8C96-2336460DB208}.Debug|Any CPU.ActiveCfg = Debug|Any CPU
		{FE6BC0B9-12CE-4684-8C96-2336460DB208}.Debug|Any CPU.Build.0 = Debug|Any CPU
		{FE6BC0B9-12CE-4684-8C96-2336460DB208}.Release|Any CPU.ActiveCfg = Release|Any CPU
		{FE6BC0B9-12CE-4684-8C96-2336460DB208}.Release|Any CPU.Build.0 = Release|Any CPU
		{B7EAD8F4-F855-4F26-8A40-384E7B988A67}.Debug|Any CPU.ActiveCfg = Debug|Any CPU
		{B7EAD8F4-F855-4F26-8A40-384E7B988A67}.Debug|Any CPU.Build.0 = Debug|Any CPU
		{B7EAD8F4-F855-4F26-8A40-384E7B988A67}.Release|Any CPU.ActiveCfg = Release|Any CPU
		{B7EAD8F4-F855-4F26-8A40-384E7B988A67}.Release|Any CPU.Build.0 = Release|Any CPU
		{0ADEAAA4-7766-4DE6-994F-7ABE07EEFE31}.Debug|Any CPU.ActiveCfg = Debug|Any CPU
		{0ADEAAA4-7766-4DE6-994F-7ABE07EEFE31}.Debug|Any CPU.Build.0 = Debug|Any CPU
		{0ADEAAA4-7766-4DE6-994F-7ABE07EEFE31}.Release|Any CPU.ActiveCfg = Release|Any CPU
		{0ADEAAA4-7766-4DE6-994F-7ABE07EEFE31}.Release|Any CPU.Build.0 = Release|Any CPU
		{DC763FAF-C4B0-4124-9766-C2AC9FF9CDDD}.Debug|Any CPU.ActiveCfg = Debug|Any CPU
		{DC763FAF-C4B0-4124-9766-C2AC9FF9CDDD}.Debug|Any CPU.Build.0 = Debug|Any CPU
		{DC763FAF-C4B0-4124-9766-C2AC9FF9CDDD}.Release|Any CPU.ActiveCfg = Release|Any CPU
		{DC763FAF-C4B0-4124-9766-C2AC9FF9CDDD}.Release|Any CPU.Build.0 = Release|Any CPU
		{328A3FC1-3208-44A7-A6EF-695EB0E0A630}.Debug|Any CPU.ActiveCfg = Debug|Any CPU
		{328A3FC1-3208-44A7-A6EF-695EB0E0A630}.Debug|Any CPU.Build.0 = Debug|Any CPU
		{328A3FC1-3208-44A7-A6EF-695EB0E0A630}.Release|Any CPU.ActiveCfg = Release|Any CPU
		{328A3FC1-3208-44A7-A6EF-695EB0E0A630}.Release|Any CPU.Build.0 = Release|Any CPU
	EndGlobalSection
	GlobalSection(SolutionProperties) = preSolution
		HideSolutionNode = FALSE
	EndGlobalSection
	GlobalSection(ExtensibilityGlobals) = postSolution
		SolutionGuid = {A9C5D391-8367-448F-B125-571A3C383DBC}
	EndGlobalSection
EndGlobal
